
Microsoft Visual Studio Solution File, Format Version 12.00
# Visual Studio Version 17
VisualStudioVersion = 17.14.37314.3 d17.14
MinimumVisualStudioVersion = 10.0.40219.1
Project("{FAE04EC0-301F-11D3-BF4B-00C04F79EFBC}") = "HexNoLavaCraters", "HexNoLavaCraters.csproj", "{501C92F8-4A0C-4C44-A5CF-6129A72DBBFA}"
EndProject
Global
	GlobalSection(SolutionConfigurationPlatforms) = preSolution
		Debug|Any CPU = Debug|Any CPU
		Release|Any CPU = Release|Any CPU
	EndGlobalSection
	GlobalSection(ProjectConfigurationPlatforms) = postSolution
		{501C92F8-4A0C-4C44-A5CF-6129A72DBBFA}.Debug|Any CPU.ActiveCfg = Debug|Any CPU
		{501C92F8-4A0C-4C44-A5CF-6129A72DBBFA}.Debug|Any CPU.Build.0 = Debug|Any CPU
		{501C92F8-4A0C-4C44-A5CF-6129A72DBBFA}.Release|Any CPU.ActiveCfg = Release|Any CPU
		{501C92F8-4A0C-4C44-A5CF-6129A72DBBFA}.Release|Any CPU.Build.0 = Release|Any CPU
	EndGlobalSection
	GlobalSection(SolutionProperties) = preSolution
		HideSolutionNode = FALSE
	EndGlobalSection
	GlobalSection(ExtensibilityGlobals) = postSolution
		SolutionGuid = {6ED87E64-0963-426D-A145-183CECEE1524}
	EndGlobalSection
EndGlobal
